
Microsoft Visual Studio Solution File, Format Version 12.00
# Visual Studio Version 17
VisualStudioVersion = 17.0.31612.314
MinimumVisualStudioVersion = 10.0.40219.1
Project("{9A19103F-16F7-4668-BE54-9A1E7A4F7556}") = "MinApi", "MinApi\MinApi.csproj", "{99DF7D2A-60E6-4D7D-9E51-7BC4A21CAA93}"
EndProject
Project("{9A19103F-16F7-4668-BE54-9A1E7A4F7556}") = "MinApi.Tests", "MinApi.Tests\MinApi.Tests.csproj", "{64819C76-635E-4530-A114-44CA8E473829}"
EndProject
Project("{2150E333-8FDC-42A3-9474-1A3956D46DE8}") = "Kubernetes", "Kubernetes", "{92828D30-3738-4103-AB8C-7BC641014D97}"
	ProjectSection(SolutionItems) = preProject
		Kubernetes\deployment.yaml = Kubernetes\deployment.yaml
		Kubernetes\service.yaml = Kubernetes\service.yaml
	EndProjectSection
EndProject
Project("{2150E333-8FDC-42A3-9474-1A3956D46DE8}") = "Solution Items", "Solution Items", "{0CC382DF-086F-4C62-841F-D2E25488A231}"
	ProjectSection(SolutionItems) = preProject
		.github\workflows\codeql-analysis.yml = .github\workflows\codeql-analysis.yml
		.github\workflows\codeql.yml = .github\workflows\codeql.yml
		.github\workflows\docker.yml = .github\workflows\docker.yml
		ReadMe.md = ReadMe.md
	EndProjectSection
EndProject
Global
	GlobalSection(SolutionConfigurationPlatforms) = preSolution
		Debug|Any CPU = Debug|Any CPU
		Release|Any CPU = Release|Any CPU
	EndGlobalSection
	GlobalSection(ProjectConfigurationPlatforms) = postSolution
		{99DF7D2A-60E6-4D7D-9E51-7BC4A21CAA93}.Debug|Any CPU.ActiveCfg = Debug|Any CPU
		{99DF7D2A-60E6-4D7D-9E51-7BC4A21CAA93}.Debug|Any CPU.Build.0 = Debug|Any CPU
		{99DF7D2A-60E6-4D7D-9E51-7BC4A21CAA93}.Release|Any CPU.ActiveCfg = Release|Any CPU
		{99DF7D2A-60E6-4D7D-9E51-7BC4A21CAA93}.Release|Any CPU.Build.0 = Release|Any CPU
		{64819C76-635E-4530-A114-44CA8E473829}.Debug|Any CPU.ActiveCfg = Debug|Any CPU
		{64819C76-635E-4530-A114-44CA8E473829}.Debug|Any CPU.Build.0 = Debug|Any CPU
		{64819C76-635E-4530-A114-44CA8E473829}.Release|Any CPU.ActiveCfg = Release|Any CPU
		{64819C76-635E-4530-A114-44CA8E473829}.Release|Any CPU.Build.0 = Release|Any CPU
	EndGlobalSection
	GlobalSection(SolutionProperties) = preSolution
		HideSolutionNode = FALSE
	EndGlobalSection
	GlobalSection(ExtensibilityGlobals) = postSolution
		SolutionGuid = {C7FC2ED6-A524-4D17-9F5F-A14688028813}
	EndGlobalSection
EndGlobal
